// !$*UTF8*$!
{
	archiveVersion = 1;
	classes = {
	};
	objectVersion = 56;
	objects = {

/* Begin PBXBuildFile section */
		A3C224C92942776100378373 /* Parser.h in Headers */ = {isa = PBXBuildFile; fileRef = A3C224C12942776100378373 /* Parser.h */; };
		A3C224CA2942776100378373 /* MemoryMappedReader.cpp in Sources */ = {isa = PBXBuildFile; fileRef = A3C224C22942776100378373 /* MemoryMappedReader.cpp */; };
		A3C224CB2942776100378373 /* MemoryMappedReader.h in Headers */ = {isa = PBXBuildFile; fileRef = A3C224C32942776100378373 /* MemoryMappedReader.h */; };
		A3C224CC2942776100378373 /* StringReader.cpp in Sources */ = {isa = PBXBuildFile; fileRef = A3C224C42942776100378373 /* StringReader.cpp */; };
		A3C224CD2942776100378373 /* Parser.cpp in Sources */ = {isa = PBXBuildFile; fileRef = A3C224C52942776100378373 /* Parser.cpp */; };
		A3C224CE2942776100378373 /* StringReader.h in Headers */ = {isa = PBXBuildFile; fileRef = A3C224C62942776100378373 /* StringReader.h */; };
		A3C224CF2942776100378373 /* FileReader.cpp in Sources */ = {isa = PBXBuildFile; fileRef = A3C224C72942776100378373 /* FileReader.cpp */; };
		A3C224D02942776100378373 /* FileReader.h in Headers */ = {isa = PBXBuildFile; fileRef = A3C224C82942776100378373 /* FileReader.h */; };
/* End PBXBuildFile section */

/* Begin PBXFileReference section */
		A3C224A0294275DC00378373 /* libJACCLib.a */ = {isa = PBXFileReference; explicitFileType = archive.ar; includeInIndex = 0; path = libJACCLib.a; sourceTree = BUILT_PRODUCTS_DIR; };
		A3C224C12942776100378373 /* Parser.h */ = {isa = PBXFileReference; fileEncoding = 4; lastKnownFileType = sourcecode.c.h; path = Parser.h; sourceTree = "<group>"; };
		A3C224C22942776100378373 /* MemoryMappedReader.cpp */ = {isa = PBXFileReference; fileEncoding = 4; lastKnownFileType = sourcecode.cpp.cpp; path = MemoryMappedReader.cpp; sourceTree = "<group>"; };
		A3C224C32942776100378373 /* MemoryMappedReader.h */ = {isa = PBXFileReference; fileEncoding = 4; lastKnownFileType = sourcecode.c.h; path = MemoryMappedReader.h; sourceTree = "<group>"; };
		A3C224C42942776100378373 /* StringReader.cpp */ = {isa = PBXFileReference; fileEncoding = 4; lastKnownFileType = sourcecode.cpp.cpp; path = StringReader.cpp; sourceTree = "<group>"; };
		A3C224C52942776100378373 /* Parser.cpp */ = {isa = PBXFileReference; fileEncoding = 4; lastKnownFileType = sourcecode.cpp.cpp; path = Parser.cpp; sourceTree = "<group>"; };
		A3C224C62942776100378373 /* StringReader.h */ = {isa = PBXFileReference; fileEncoding = 4; lastKnownFileType = sourcecode.c.h; path = StringReader.h; sourceTree = "<group>"; };
		A3C224C72942776100378373 /* FileReader.cpp */ = {isa = PBXFileReference; fileEncoding = 4; lastKnownFileType = sourcecode.cpp.cpp; path = FileReader.cpp; sourceTree = "<group>"; };
		A3C224C82942776100378373 /* FileReader.h */ = {isa = PBXFileReference; fileEncoding = 4; lastKnownFileType = sourcecode.c.h; path = FileReader.h; sourceTree = "<group>"; };
/* End PBXFileReference section */

/* Begin PBXFrameworksBuildPhase section */
		A3C2249E294275DC00378373 /* Frameworks */ = {
			isa = PBXFrameworksBuildPhase;
			buildActionMask = 2147483647;
			files = (
			);
			runOnlyForDeploymentPostprocessing = 0;
		};
/* End PBXFrameworksBuildPhase section */

/* Begin PBXGroup section */
		A3C22497294275DC00378373 = {
			isa = PBXGroup;
			children = (
				A3C224C72942776100378373 /* FileReader.cpp */,
				A3C224C82942776100378373 /* FileReader.h */,
				A3C224C22942776100378373 /* MemoryMappedReader.cpp */,
				A3C224C32942776100378373 /* MemoryMappedReader.h */,
				A3C224C52942776100378373 /* Parser.cpp */,
				A3C224C12942776100378373 /* Parser.h */,
				A3C224C42942776100378373 /* StringReader.cpp */,
				A3C224C62942776100378373 /* StringReader.h */,
				A3C224A1294275DC00378373 /* Products */,
			);
			sourceTree = "<group>";
		};
		A3C224A1294275DC00378373 /* Products */ = {
			isa = PBXGroup;
			children = (
				A3C224A0294275DC00378373 /* libJACCLib.a */,
			);
			name = Products;
			sourceTree = "<group>";
		};
/* End PBXGroup section */

/* Begin PBXHeadersBuildPhase section */
		A3C2249C294275DC00378373 /* Headers */ = {
			isa = PBXHeadersBuildPhase;
			buildActionMask = 2147483647;
			files = (
				A3C224CE2942776100378373 /* StringReader.h in Headers */,
				A3C224D02942776100378373 /* FileReader.h in Headers */,
				A3C224C92942776100378373 /* Parser.h in Headers */,
				A3C224CB2942776100378373 /* MemoryMappedReader.h in Headers */,
			);
			runOnlyForDeploymentPostprocessing = 0;
		};
/* End PBXHeadersBuildPhase section */

/* Begin PBXNativeTarget section */
		A3C2249F294275DC00378373 /* JACCLib */ = {
			isa = PBXNativeTarget;
			buildConfigurationList = A3C224AB294275DC00378373 /* Build configuration list for PBXNativeTarget "JACCLib" */;
			buildPhases = (
				A3C2249C294275DC00378373 /* Headers */,
				A3C2249D294275DC00378373 /* Sources */,
				A3C2249E294275DC00378373 /* Frameworks */,
			);
			buildRules = (
			);
			dependencies = (
			);
			name = JACCLib;
			productName = JACCLib;
			productReference = A3C224A0294275DC00378373 /* libJACCLib.a */;
			productType = "com.apple.product-type.library.static";
		};
/* End PBXNativeTarget section */

/* Begin PBXProject section */
		A3C22498294275DC00378373 /* Project object */ = {
			isa = PBXProject;
			attributes = {
				BuildIndependentTargetsInParallel = 1;
				LastUpgradeCheck = 1410;
				TargetAttributes = {
					A3C2249F294275DC00378373 = {
						CreatedOnToolsVersion = 14.1;
					};
				};
			};
			buildConfigurationList = A3C2249B294275DC00378373 /* Build configuration list for PBXProject "JACCLib" */;
			compatibilityVersion = "Xcode 14.0";
			developmentRegion = en;
			hasScannedForEncodings = 0;
			knownRegions = (
				en,
				Base,
			);
			mainGroup = A3C22497294275DC00378373;
			productRefGroup = A3C224A1294275DC00378373 /* Products */;
			projectDirPath = "";
			projectRoot = "";
			targets = (
				A3C2249F294275DC00378373 /* JACCLib */,
			);
		};
/* End PBXProject section */

/* Begin PBXSourcesBuildPhase section */
		A3C2249D294275DC00378373 /* Sources */ = {
			isa = PBXSourcesBuildPhase;
			buildActionMask = 2147483647;
			files = (
				A3C224CA2942776100378373 /* MemoryMappedReader.cpp in Sources */,
				A3C224CD2942776100378373 /* Parser.cpp in Sources */,
				A3C224CF2942776100378373 /* FileReader.cpp in Sources */,
				A3C224CC2942776100378373 /* StringReader.cpp in Sources */,
			);
			runOnlyForDeploymentPostprocessing = 0;
		};
/* End PBXSourcesBuildPhase section */

/* Begin XCBuildConfiguration section */
		A3C224A9294275DC00378373 /* Debug */ = {
			isa = XCBuildConfiguration;
			buildSettings = {
				ALWAYS_SEARCH_USER_PATHS = NO;
				CLANG_ANALYZER_NONNULL = YES;
				CLANG_ANALYZER_NUMBER_OBJECT_CONVERSION = YES_AGGRESSIVE;
				CLANG_CXX_LANGUAGE_STANDARD = "gnu++20";
				CLANG_ENABLE_MODULES = YES;
				CLANG_ENABLE_OBJC_ARC = YES;
				CLANG_ENABLE_OBJC_WEAK = YES;
				CLANG_WARN_BLOCK_CAPTURE_AUTORELEASING = YES;
				CLANG_WARN_BOOL_CONVERSION = YES;
				CLANG_WARN_COMMA = YES;
				CLANG_WARN_CONSTANT_CONVERSION = YES;
				CLANG_WARN_DEPRECATED_OBJC_IMPLEMENTATIONS = YES;
				CLANG_WARN_DIRECT_OBJC_ISA_USAGE = YES_ERROR;
				CLANG_WARN_DOCUMENTATION_COMMENTS = YES;
				CLANG_WARN_EMPTY_BODY = YES;
				CLANG_WARN_ENUM_CONVERSION = YES;
				CLANG_WARN_INFINITE_RECURSION = YES;
				CLANG_WARN_INT_CONVERSION = YES;
				CLANG_WARN_NON_LITERAL_NULL_CONVERSION = YES;
				CLANG_WARN_OBJC_IMPLICIT_RETAIN_SELF = YES;
				CLANG_WARN_OBJC_LITERAL_CONVERSION = YES;
				CLANG_WARN_OBJC_ROOT_CLASS = YES_ERROR;
				CLANG_WARN_QUOTED_INCLUDE_IN_FRAMEWORK_HEADER = YES;
				CLANG_WARN_RANGE_LOOP_ANALYSIS = YES;
				CLANG_WARN_STRICT_PROTOTYPES = YES;
				CLANG_WARN_SUSPICIOUS_MOVE = YES;
				CLANG_WARN_UNGUARDED_AVAILABILITY = YES_AGGRESSIVE;
				CLANG_WARN_UNREACHABLE_CODE = YES;
				CLANG_WARN__DUPLICATE_METHOD_MATCH = YES;
				COPY_PHASE_STRIP = NO;
				DEBUG_INFORMATION_FORMAT = dwarf;
				ENABLE_STRICT_OBJC_MSGSEND = YES;
				ENABLE_TESTABILITY = YES;
				GCC_C_LANGUAGE_STANDARD = gnu11;
				GCC_DYNAMIC_NO_PIC = NO;
				GCC_NO_COMMON_BLOCKS = YES;
				GCC_OPTIMIZATION_LEVEL = 0;
				GCC_PREPROCESSOR_DEFINITIONS = (
					"DEBUG=1",
					"$(inherited)",
				);
				GCC_WARN_64_TO_32_BIT_CONVERSION = YES;
				GCC_WARN_ABOUT_RETURN_TYPE = YES_ERROR;
				GCC_WARN_UNDECLARED_SELECTOR = YES;
				GCC_WARN_UNINITIALIZED_AUTOS = YES_AGGRESSIVE;
				GCC_WARN_UNUSED_FUNCTION = YES;
				GCC_WARN_UNUSED_VARIABLE = YES;
				MACOSX_DEPLOYMENT_TARGET = 12.6;
				MTL_ENABLE_DEBUG_INFO = INCLUDE_SOURCE;
				MTL_FAST_MATH = YES;
				ONLY_ACTIVE_ARCH = YES;
				SDKROOT = macosx;
			};
			name = Debug;
		};
		A3C224AA294275DC00378373 /* Release */ = {
			isa = XCBuildConfiguration;
			buildSettings = {
				ALWAYS_SEARCH_USER_PATHS = NO;
				CLANG_ANALYZER_NONNULL = YES;
				CLANG_ANALYZER_NUMBER_OBJECT_CONVERSION = YES_AGGRESSIVE;
				CLANG_CXX_LANGUAGE_STANDARD = "gnu++20";
				CLANG_ENABLE_MODULES = YES;
				CLANG_ENABLE_OBJC_ARC = YES;
				CLANG_ENABLE_OBJC_WEAK = YES;
				CLANG_WARN_BLOCK_CAPTURE_AUTORELEASING = YES;
				CLANG_WARN_BOOL_CONVERSION = YES;
				CLANG_WARN_COMMA = YES;
				CLANG_WARN_CONSTANT_CONVERSION = YES;
				CLANG_WARN_DEPRECATED_OBJC_IMPLEMENTATIONS = YES;
				CLANG_WARN_DIRECT_OBJC_ISA_USAGE = YES_ERROR;
				CLANG_WARN_DOCUMENTATION_COMMENTS = YES;
				CLANG_WARN_EMPTY_BODY = YES;
				CLANG_WARN_ENUM_CONVERSION = YES;
				CLANG_WARN_INFINITE_RECURSION = YES;
				CLANG_WARN_INT_CONVERSION = YES;
				CLANG_WARN_NON_LITERAL_NULL_CONVERSION = YES;
				CLANG_WARN_OBJC_IMPLICIT_RETAIN_SELF = YES;
				CLANG_WARN_OBJC_LITERAL_CONVERSION = YES;
				CLANG_WARN_OBJC_ROOT_CLASS = YES_ERROR;
				CLANG_WARN_QUOTED_INCLUDE_IN_FRAMEWORK_HEADER = YES;
				CLANG_WARN_RANGE_LOOP_ANALYSIS = YES;
				CLANG_WARN_STRICT_PROTOTYPES = YES;
				CLANG_WARN_SUSPICIOUS_MOVE = YES;
				CLANG_WARN_UNGUARDED_AVAILABILITY = YES_AGGRESSIVE;
				CLANG_WARN_UNREACHABLE_CODE = YES;
				CLANG_WARN__DUPLICATE_METHOD_MATCH = YES;
				COPY_PHASE_STRIP = NO;
				DEBUG_INFORMATION_FORMAT = "dwarf-with-dsym";
				ENABLE_NS_ASSERTIONS = NO;
				ENABLE_STRICT_OBJC_MSGSEND = YES;
				GCC_C_LANGUAGE_STANDARD = gnu11;
				GCC_NO_COMMON_BLOCKS = YES;
				GCC_WARN_64_TO_32_BIT_CONVERSION = YES;
				GCC_WARN_ABOUT_RETURN_TYPE = YES_ERROR;
				GCC_WARN_UNDECLARED_SELECTOR = YES;
				GCC_WARN_UNINITIALIZED_AUTOS = YES_AGGRESSIVE;
				GCC_WARN_UNUSED_FUNCTION = YES;
				GCC_WARN_UNUSED_VARIABLE = YES;
				MACOSX_DEPLOYMENT_TARGET = 12.6;
				MTL_ENABLE_DEBUG_INFO = NO;
				MTL_FAST_MATH = YES;
				SDKROOT = macosx;
			};
			name = Release;
		};
		A3C224AC294275DC00378373 /* Debug */ = {
			isa = XCBuildConfiguration;
			buildSettings = {
				CODE_SIGN_STYLE = Automatic;
				EXECUTABLE_PREFIX = lib;
				GCC_ENABLE_CPP_EXCEPTIONS = YES;
				GCC_ENABLE_CPP_RTTI = YES;
				PRODUCT_NAME = "$(TARGET_NAME)";
				SKIP_INSTALL = YES;
			};
			name = Debug;
		};
		A3C224AD294275DC00378373 /* Release */ = {
			isa = XCBuildConfiguration;
			buildSettings = {
				CODE_SIGN_STYLE = Automatic;
				EXECUTABLE_PREFIX = lib;
				GCC_ENABLE_CPP_EXCEPTIONS = YES;
				GCC_ENABLE_CPP_RTTI = YES;
				PRODUCT_NAME = "$(TARGET_NAME)";
				SKIP_INSTALL = YES;
			};
			name = Release;
		};
/* End XCBuildConfiguration section */

/* Begin XCConfigurationList section */
		A3C2249B294275DC00378373 /* Build configuration list for PBXProject "JACCLib" */ = {
			isa = XCConfigurationList;
			buildConfigurations = (
				A3C224A9294275DC00378373 /* Debug */,
				A3C224AA294275DC00378373 /* Release */,
			);
			defaultConfigurationIsVisible = 0;
			defaultConfigurationName = Release;
		};
		A3C224AB294275DC00378373 /* Build configuration list for PBXNativeTarget "JACCLib" */ = {
			isa = XCConfigurationList;
			buildConfigurations = (
				A3C224AC294275DC00378373 /* Debug */,
				A3C224AD294275DC00378373 /* Release */,
			);
			defaultConfigurationIsVisible = 0;
			defaultConfigurationName = Release;
		};
/* End XCConfigurationList section */
	};
	rootObject = A3C22498294275DC00378373 /* Project object */;
}
